
Microsoft Visual Studio Solution File, Format Version 12.00
# Visual Studio Version 16
VisualStudioVersion = 16.0.32126.315
MinimumVisualStudioVersion = 10.0.40219.1
Project("{FAE04EC0-301F-11D3-BF4B-00C04F79EFBC}") = "ProjectPooja", "ProjectPooja.csproj", "{EF0B87CF-BF18-41B6-985C-A8A27BE4245A}"
EndProject
Global
	GlobalSection(SolutionConfigurationPlatforms) = preSolution
		Debug|Any CPU = Debug|Any CPU
		Release|Any CPU = Release|Any CPU
	EndGlobalSection
	GlobalSection(ProjectConfigurationPlatforms) = postSolution
		{EF0B87CF-BF18-41B6-985C-A8A27BE4245A}.Debug|Any CPU.ActiveCfg = Debug|Any CPU
		{EF0B87CF-BF18-41B6-985C-A8A27BE4245A}.Debug|Any CPU.Build.0 = Debug|Any CPU
		{EF0B87CF-BF18-41B6-985C-A8A27BE4245A}.Release|Any CPU.ActiveCfg = Release|Any CPU
		{EF0B87CF-BF18-41B6-985C-A8A27BE4245A}.Release|Any CPU.Build.0 = Release|Any CPU
	EndGlobalSection
	GlobalSection(SolutionProperties) = preSolution
		HideSolutionNode = FALSE
	EndGlobalSection
	GlobalSection(ExtensibilityGlobals) = postSolution
		SolutionGuid = {FC930E90-3DE4-4749-9D9E-5DB937F731D8}
	EndGlobalSection
EndGlobal
